
Microsoft Visual Studio Solution File, Format Version 12.00
# Visual Studio Version 16
VisualStudioVersion = 16.0.31005.135
MinimumVisualStudioVersion = 10.0.40219.1
Project("{FAE04EC0-301F-11D3-BF4B-00C04F79EFBC}") = "GenericCollectionTut", "GenericCollectionTut\GenericCollectionTut.csproj", "{8283E955-3D42-487A-9DDC-D7C30D82975F}"
EndProject
Global
	GlobalSection(SolutionConfigurationPlatforms) = preSolution
		Debug|Any CPU = Debug|Any CPU
		Release|Any CPU = Release|Any CPU
	EndGlobalSection
	GlobalSection(ProjectConfigurationPlatforms) = postSolution
		{8283E955-3D42-487A-9DDC-D7C30D82975F}.Debug|Any CPU.ActiveCfg = Debug|Any CPU
		{8283E955-3D42-487A-9DDC-D7C30D82975F}.Debug|Any CPU.Build.0 = Debug|Any CPU
		{8283E955-3D42-487A-9DDC-D7C30D82975F}.Release|Any CPU.ActiveCfg = Release|Any CPU
		{8283E955-3D42-487A-9DDC-D7C30D82975F}.Release|Any CPU.Build.0 = Release|Any CPU
	EndGlobalSection
	GlobalSection(SolutionProperties) = preSolution
		HideSolutionNode = FALSE
	EndGlobalSection
	GlobalSection(ExtensibilityGlobals) = postSolution
		SolutionGuid = {70D77532-A43D-4EF2-AF57-33FF10138697}
	EndGlobalSection
EndGlobal
